
Microsoft Visual Studio Solution File, Format Version 12.00
# Visual Studio 14
VisualStudioVersion = 14.0.23107.0
MinimumVisualStudioVersion = 10.0.40219.1
Project("{FAE04EC0-301F-11D3-BF4B-00C04F79EFBC}") = "vPlan", "vPlan\vPlan.csproj", "{E20778BC-75FD-4B55-A9B2-3D74A906361A}"
EndProject
Project("{FAE04EC0-301F-11D3-BF4B-00C04F79EFBC}") = "vPlanLib", "vPlanLib\vPlanLib.csproj", "{C651B290-C61E-4B93-BAE8-5047FBCDC232}"
EndProject
Project("{2150E333-8FDC-42A3-9474-1A3956D46DE8}") = "API", "API", "{7860D26C-E427-46D2-8E46-7AC26E0AF9EC}"
EndProject
Project("{CC5FD16D-436D-48AD-A40C-5A424C6E3E79}") = "vPlanAPI", "vPlanAPI\vPlanAPI.ccproj", "{B8836946-6A1A-4900-B819-76085CAC0BF6}"
EndProject
Project("{FAE04EC0-301F-11D3-BF4B-00C04F79EFBC}") = "vPlanRole", "vPlanRole\vPlanRole.csproj", "{BB8B9518-D193-4FD2-B15F-27BCB7BBDB1A}"
EndProject
Global
	GlobalSection(SolutionConfigurationPlatforms) = preSolution
		Debug|Any CPU = Debug|Any CPU
		Debug|ARM = Debug|ARM
		Debug|x64 = Debug|x64
		Debug|x86 = Debug|x86
		Release|Any CPU = Release|Any CPU
		Release|ARM = Release|ARM
		Release|x64 = Release|x64
		Release|x86 = Release|x86
	EndGlobalSection
	GlobalSection(ProjectConfigurationPlatforms) = postSolution
		{E20778BC-75FD-4B55-A9B2-3D74A906361A}.Debug|Any CPU.ActiveCfg = Debug|x86
		{E20778BC-75FD-4B55-A9B2-3D74A906361A}.Debug|ARM.ActiveCfg = Debug|ARM
		{E20778BC-75FD-4B55-A9B2-3D74A906361A}.Debug|ARM.Build.0 = Debug|ARM
		{E20778BC-75FD-4B55-A9B2-3D74A906361A}.Debug|ARM.Deploy.0 = Debug|ARM
		{E20778BC-75FD-4B55-A9B2-3D74A906361A}.Debug|x64.ActiveCfg = Debug|x64
		{E20778BC-75FD-4B55-A9B2-3D74A906361A}.Debug|x64.Build.0 = Debug|x64
		{E20778BC-75FD-4B55-A9B2-3D74A906361A}.Debug|x64.Deploy.0 = Debug|x64
		{E20778BC-75FD-4B55-A9B2-3D74A906361A}.Debug|x86.ActiveCfg = Debug|x86
		{E20778BC-75FD-4B55-A9B2-3D74A906361A}.Debug|x86.Build.0 = Debug|x86
		{E20778BC-75FD-4B55-A9B2-3D74A906361A}.Debug|x86.Deploy.0 = Debug|x86
		{E20778BC-75FD-4B55-A9B2-3D74A906361A}.Release|Any CPU.ActiveCfg = Release|x86
		{E20778BC-75FD-4B55-A9B2-3D74A906361A}.Release|ARM.ActiveCfg = Release|ARM
		{E20778BC-75FD-4B55-A9B2-3D74A906361A}.Release|ARM.Build.0 = Release|ARM
		{E20778BC-75FD-4B55-A9B2-3D74A906361A}.Release|ARM.Deploy.0 = Release|ARM
		{E20778BC-75FD-4B55-A9B2-3D74A906361A}.Release|x64.ActiveCfg = Release|x64
		{E20778BC-75FD-4B55-A9B2-3D74A906361A}.Release|x64.Build.0 = Release|x64
		{E20778BC-75FD-4B55-A9B2-3D74A906361A}.Release|x64.Deploy.0 = Release|x64
		{E20778BC-75FD-4B55-A9B2-3D74A906361A}.Release|x86.ActiveCfg = Release|x86
		{E20778BC-75FD-4B55-A9B2-3D74A906361A}.Release|x86.Build.0 = Release|x86
		{E20778BC-75FD-4B55-A9B2-3D74A906361A}.Release|x86.Deploy.0 = Release|x86
		{C651B290-C61E-4B93-BAE8-5047FBCDC232}.Debug|Any CPU.ActiveCfg = Debug|Any CPU
		{C651B290-C61E-4B93-BAE8-5047FBCDC232}.Debug|Any CPU.Build.0 = Debug|Any CPU
		{C651B290-C61E-4B93-BAE8-5047FBCDC232}.Debug|ARM.ActiveCfg = Debug|Any CPU
		{C651B290-C61E-4B93-BAE8-5047FBCDC232}.Debug|ARM.Build.0 = Debug|Any CPU
		{C651B290-C61E-4B93-BAE8-5047FBCDC232}.Debug|x64.ActiveCfg = Debug|Any CPU
		{C651B290-C61E-4B93-BAE8-5047FBCDC232}.Debug|x64.Build.0 = Debug|Any CPU
		{C651B290-C61E-4B93-BAE8-5047FBCDC232}.Debug|x86.ActiveCfg = Debug|Any CPU
		{C651B290-C61E-4B93-BAE8-5047FBCDC232}.Debug|x86.Build.0 = Debug|Any CPU
		{C651B290-C61E-4B93-BAE8-5047FBCDC232}.Release|Any CPU.ActiveCfg = Release|Any CPU
		{C651B290-C61E-4B93-BAE8-5047FBCDC232}.Release|Any CPU.Build.0 = Release|Any CPU
		{C651B290-C61E-4B93-BAE8-5047FBCDC232}.Release|ARM.ActiveCfg = Release|Any CPU
		{C651B290-C61E-4B93-BAE8-5047FBCDC232}.Release|ARM.Build.0 = Release|Any CPU
		{C651B290-C61E-4B93-BAE8-5047FBCDC232}.Release|x64.ActiveCfg = Release|Any CPU
		{C651B290-C61E-4B93-BAE8-5047FBCDC232}.Release|x64.Build.0 = Release|Any CPU
		{C651B290-C61E-4B93-BAE8-5047FBCDC232}.Release|x86.ActiveCfg = Release|Any CPU
		{C651B290-C61E-4B93-BAE8-5047FBCDC232}.Release|x86.Build.0 = Release|Any CPU
		{B8836946-6A1A-4900-B819-76085CAC0BF6}.Debug|Any CPU.ActiveCfg = Debug|Any CPU
		{B8836946-6A1A-4900-B819-76085CAC0BF6}.Debug|Any CPU.Build.0 = Debug|Any CPU
		{B8836946-6A1A-4900-B819-76085CAC0BF6}.Debug|ARM.ActiveCfg = Debug|Any CPU
		{B8836946-6A1A-4900-B819-76085CAC0BF6}.Debug|ARM.Build.0 = Debug|Any CPU
		{B8836946-6A1A-4900-B819-76085CAC0BF6}.Debug|x64.ActiveCfg = Debug|Any CPU
		{B8836946-6A1A-4900-B819-76085CAC0BF6}.Debug|x64.Build.0 = Debug|Any CPU
		{B8836946-6A1A-4900-B819-76085CAC0BF6}.Debug|x86.ActiveCfg = Debug|Any CPU
		{B8836946-6A1A-4900-B819-76085CAC0BF6}.Debug|x86.Build.0 = Debug|Any CPU
		{B8836946-6A1A-4900-B819-76085CAC0BF6}.Release|Any CPU.ActiveCfg = Release|Any CPU
		{B8836946-6A1A-4900-B819-76085CAC0BF6}.Release|Any CPU.Build.0 = Release|Any CPU
		{B8836946-6A1A-4900-B819-76085CAC0BF6}.Release|ARM.ActiveCfg = Release|Any CPU
		{B8836946-6A1A-4900-B819-76085CAC0BF6}.Release|ARM.Build.0 = Release|Any CPU
		{B8836946-6A1A-4900-B819-76085CAC0BF6}.Release|x64.ActiveCfg = Release|Any CPU
		{B8836946-6A1A-4900-B819-76085CAC0BF6}.Release|x64.Build.0 = Release|Any CPU
		{B8836946-6A1A-4900-B819-76085CAC0BF6}.Release|x86.ActiveCfg = Release|Any CPU
		{B8836946-6A1A-4900-B819-76085CAC0BF6}.Release|x86.Build.0 = Release|Any CPU
		{BB8B9518-D193-4FD2-B15F-27BCB7BBDB1A}.Debug|Any CPU.ActiveCfg = Debug|Any CPU
		{BB8B9518-D193-4FD2-B15F-27BCB7BBDB1A}.Debug|Any CPU.Build.0 = Debug|Any CPU
		{BB8B9518-D193-4FD2-B15F-27BCB7BBDB1A}.Debug|ARM.ActiveCfg = Debug|Any CPU
		{BB8B9518-D193-4FD2-B15F-27BCB7BBDB1A}.Debug|ARM.Build.0 = Debug|Any CPU
		{BB8B9518-D193-4FD2-B15F-27BCB7BBDB1A}.Debug|x64.ActiveCfg = Debug|Any CPU
		{BB8B9518-D193-4FD2-B15F-27BCB7BBDB1A}.Debug|x64.Build.0 = Debug|Any CPU
		{BB8B9518-D193-4FD2-B15F-27BCB7BBDB1A}.Debug|x86.ActiveCfg = Debug|Any CPU
		{BB8B9518-D193-4FD2-B15F-27BCB7BBDB1A}.Debug|x86.Build.0 = Debug|Any CPU
		{BB8B9518-D193-4FD2-B15F-27BCB7BBDB1A}.Release|Any CPU.ActiveCfg = Release|Any CPU
		{BB8B9518-D193-4FD2-B15F-27BCB7BBDB1A}.Release|Any CPU.Build.0 = Release|Any CPU
		{BB8B9518-D193-4FD2-B15F-27BCB7BBDB1A}.Release|ARM.ActiveCfg = Release|Any CPU
		{BB8B9518-D193-4FD2-B15F-27BCB7BBDB1A}.Release|ARM.Build.0 = Release|Any CPU
		{BB8B9518-D193-4FD2-B15F-27BCB7BBDB1A}.Release|x64.ActiveCfg = Release|Any CPU
		{BB8B9518-D193-4FD2-B15F-27BCB7BBDB1A}.Release|x64.Build.0 = Release|Any CPU
		{BB8B9518-D193-4FD2-B15F-27BCB7BBDB1A}.Release|x86.ActiveCfg = Release|Any CPU
		{BB8B9518-D193-4FD2-B15F-27BCB7BBDB1A}.Release|x86.Build.0 = Release|Any CPU
	EndGlobalSection
	GlobalSection(SolutionProperties) = preSolution
		HideSolutionNode = FALSE
	EndGlobalSection
	GlobalSection(NestedProjects) = preSolution
		{B8836946-6A1A-4900-B819-76085CAC0BF6} = {7860D26C-E427-46D2-8E46-7AC26E0AF9EC}
		{BB8B9518-D193-4FD2-B15F-27BCB7BBDB1A} = {7860D26C-E427-46D2-8E46-7AC26E0AF9EC}
	EndGlobalSection
EndGlobal
